// !$*UTF8*$!
{
	archiveVersion = 1;
	classes = {
	};
	objectVersion = 50;
	objects = {

/* Begin PBXBuildFile section */
		50039035246DF0AD00B13C5E /* DailyTemperature.swift in Sources */ = {isa = PBXBuildFile; fileRef = 50039034246DF0AD00B13C5E /* DailyTemperature.swift */; };
		50039037246F033E00B13C5E /* WeatherForDaily.swift in Sources */ = {isa = PBXBuildFile; fileRef = 50039036246F033E00B13C5E /* WeatherForDaily.swift */; };
		50039039246F090A00B13C5E /* city.list.json in Resources */ = {isa = PBXBuildFile; fileRef = 50039038246F090A00B13C5E /* city.list.json */; };
		5003903B246F09F800B13C5E /* Location.swift in Sources */ = {isa = PBXBuildFile; fileRef = 5003903A246F09F800B13C5E /* Location.swift */; };
		5006E99C246A2F1C00480341 /* WeatherForTimeSlice.swift in Sources */ = {isa = PBXBuildFile; fileRef = 5006E99B246A2F1C00480341 /* WeatherForTimeSlice.swift */; };
		5006E99E246A303200480341 /* WeatherDetails.swift in Sources */ = {isa = PBXBuildFile; fileRef = 5006E99D246A303200480341 /* WeatherDetails.swift */; };
		5014412C249195CE003ED091 /* CitiesSelectorViewController.swift in Sources */ = {isa = PBXBuildFile; fileRef = 5014412B249195CE003ED091 /* CitiesSelectorViewController.swift */; };
		50168E812488A8F300F3F1A2 /* WeatherMinimalism.xcdatamodeld in Sources */ = {isa = PBXBuildFile; fileRef = 50168E7F2488A8F300F3F1A2 /* WeatherMinimalism.xcdatamodeld */; };
		5021854C24805AF500E64D30 /* UIViewExtension.swift in Sources */ = {isa = PBXBuildFile; fileRef = 5021854B24805AF500E64D30 /* UIViewExtension.swift */; };
		50225158249404F3001DC0A7 /* SelectCityCellView.swift in Sources */ = {isa = PBXBuildFile; fileRef = 50225157249404F3001DC0A7 /* SelectCityCellView.swift */; };
		5022515B2494107C001DC0A7 /* CitySelectorStackView.swift in Sources */ = {isa = PBXBuildFile; fileRef = 5022515A2494107C001DC0A7 /* CitySelectorStackView.swift */; };
		503195502489B99B0070F663 /* City+CoreDataClass.swift in Sources */ = {isa = PBXBuildFile; fileRef = 5031954C2489B99B0070F663 /* City+CoreDataClass.swift */; };
		503195512489B99B0070F663 /* City+CoreDataProperties.swift in Sources */ = {isa = PBXBuildFile; fileRef = 5031954D2489B99B0070F663 /* City+CoreDataProperties.swift */; };
		503195522489B99B0070F663 /* CurrentWeather+CoreDataClass.swift in Sources */ = {isa = PBXBuildFile; fileRef = 5031954E2489B99B0070F663 /* CurrentWeather+CoreDataClass.swift */; };
		503195532489B99B0070F663 /* CurrentWeather+CoreDataProperties.swift in Sources */ = {isa = PBXBuildFile; fileRef = 5031954F2489B99B0070F663 /* CurrentWeather+CoreDataProperties.swift */; };
		503195552489C7C70070F663 /* NSManagedObjectContextExtension.swift in Sources */ = {isa = PBXBuildFile; fileRef = 503195542489C7C70070F663 /* NSManagedObjectContextExtension.swift */; };
		503944152466125A00B1BBD1 /* TodayHourlyWeatherCVCell.swift in Sources */ = {isa = PBXBuildFile; fileRef = 503944142466125A00B1BBD1 /* TodayHourlyWeatherCVCell.swift */; };
		505A96B424886BE100F38CC1 /* WeatherIconImageView.swift in Sources */ = {isa = PBXBuildFile; fileRef = 505A96B324886BE100F38CC1 /* WeatherIconImageView.swift */; };
		5077007724872E8300CB1250 /* HeaderContainerView.swift in Sources */ = {isa = PBXBuildFile; fileRef = 5077007624872E8300CB1250 /* HeaderContainerView.swift */; };
		507700792487333300CB1250 /* MinMaxContainerView.swift in Sources */ = {isa = PBXBuildFile; fileRef = 507700782487333300CB1250 /* MinMaxContainerView.swift */; };
		5077007B2487358D00CB1250 /* TodayHourlyWeatherCVView.swift in Sources */ = {isa = PBXBuildFile; fileRef = 5077007A2487358C00CB1250 /* TodayHourlyWeatherCVView.swift */; };
		5080A7562440FC5000003BF1 /* AppDelegate.swift in Sources */ = {isa = PBXBuildFile; fileRef = 5080A7552440FC5000003BF1 /* AppDelegate.swift */; };
		5080A7582440FC5000003BF1 /* SceneDelegate.swift in Sources */ = {isa = PBXBuildFile; fileRef = 5080A7572440FC5000003BF1 /* SceneDelegate.swift */; };
		5080A75A2440FC5000003BF1 /* WeatherViewController.swift in Sources */ = {isa = PBXBuildFile; fileRef = 5080A7592440FC5000003BF1 /* WeatherViewController.swift */; };
		5080A75F2440FC5000003BF1 /* Assets.xcassets in Resources */ = {isa = PBXBuildFile; fileRef = 5080A75E2440FC5000003BF1 /* Assets.xcassets */; };
		5080A7622440FC5000003BF1 /* LaunchScreen.storyboard in Resources */ = {isa = PBXBuildFile; fileRef = 5080A7602440FC5000003BF1 /* LaunchScreen.storyboard */; };
		5080A76A244100A500003BF1 /* WeatherViewModel.swift in Sources */ = {isa = PBXBuildFile; fileRef = 5080A769244100A500003BF1 /* WeatherViewModel.swift */; };
		5080A76C244101D300003BF1 /* Forecast.swift in Sources */ = {isa = PBXBuildFile; fileRef = 5080A76B244101D300003BF1 /* Forecast.swift */; };
		50830CDB24787D3100E5CE1B /* DailyForecastForWeekView.swift in Sources */ = {isa = PBXBuildFile; fileRef = 50830CDA24787D3100E5CE1B /* DailyForecastForWeekView.swift */; };
		509D922F2487FFDC00B059BC /* DailyForecastForWeekSVView.swift in Sources */ = {isa = PBXBuildFile; fileRef = 509D922E2487FFDC00B059BC /* DailyForecastForWeekSVView.swift */; };
		509D9231248810E900B059BC /* CurrentDayOverviewView.swift in Sources */ = {isa = PBXBuildFile; fileRef = 509D9230248810E900B059BC /* CurrentDayOverviewView.swift */; };
		509D92332488247A00B059BC /* TodayDetailedOverviewContentView.swift in Sources */ = {isa = PBXBuildFile; fileRef = 509D92322488247A00B059BC /* TodayDetailedOverviewContentView.swift */; };
		509D9235248825FF00B059BC /* TodayDetailedOverviewView.swift in Sources */ = {isa = PBXBuildFile; fileRef = 509D9234248825FF00B059BC /* TodayDetailedOverviewView.swift */; };
		509D923724882C7F00B059BC /* TodayDetailedOverviewHorizontalSVView.swift in Sources */ = {isa = PBXBuildFile; fileRef = 509D923624882C7F00B059BC /* TodayDetailedOverviewHorizontalSVView.swift */; };
		509E59BE244A3614000791C3 /* FloatExtension.swift in Sources */ = {isa = PBXBuildFile; fileRef = 509E59BD244A3614000791C3 /* FloatExtension.swift */; };
		509E59C0244A3699000791C3 /* WeatherIconImageViewExtension.swift in Sources */ = {isa = PBXBuildFile; fileRef = 509E59BF244A3699000791C3 /* WeatherIconImageViewExtension.swift */; };
		509E59C7244A633A000791C3 /* CollectionExtension.swift in Sources */ = {isa = PBXBuildFile; fileRef = 509E59C6244A633A000791C3 /* CollectionExtension.swift */; };
		509E59C9244A66C2000791C3 /* SpinnerView.swift in Sources */ = {isa = PBXBuildFile; fileRef = 509E59C8244A66C2000791C3 /* SpinnerView.swift */; };
		50B8F5E6246F259400EA0BFD /* DoubleExtension.swift in Sources */ = {isa = PBXBuildFile; fileRef = 50B8F5E5246F259400EA0BFD /* DoubleExtension.swift */; };
		50D2AF5B2465D873007638AF /* DateExtension.swift in Sources */ = {isa = PBXBuildFile; fileRef = 50D2AF5A2465D873007638AF /* DateExtension.swift */; };
/* End PBXBuildFile section */

/* Begin PBXFileReference section */
		50039034246DF0AD00B13C5E /* DailyTemperature.swift */ = {isa = PBXFileReference; lastKnownFileType = sourcecode.swift; path = DailyTemperature.swift; sourceTree = "<group>"; };
		50039036246F033E00B13C5E /* WeatherForDaily.swift */ = {isa = PBXFileReference; lastKnownFileType = sourcecode.swift; path = WeatherForDaily.swift; sourceTree = "<group>"; };
		50039038246F090A00B13C5E /* city.list.json */ = {isa = PBXFileReference; fileEncoding = 4; lastKnownFileType = text.json; path = city.list.json; sourceTree = "<group>"; };
		5003903A246F09F800B13C5E /* Location.swift */ = {isa = PBXFileReference; lastKnownFileType = sourcecode.swift; path = Location.swift; sourceTree = "<group>"; };
		5006E99B246A2F1C00480341 /* WeatherForTimeSlice.swift */ = {isa = PBXFileReference; lastKnownFileType = sourcecode.swift; path = WeatherForTimeSlice.swift; sourceTree = "<group>"; };
		5006E99D246A303200480341 /* WeatherDetails.swift */ = {isa = PBXFileReference; lastKnownFileType = sourcecode.swift; path = WeatherDetails.swift; sourceTree = "<group>"; };
		5014412B249195CE003ED091 /* CitiesSelectorViewController.swift */ = {isa = PBXFileReference; lastKnownFileType = sourcecode.swift; path = CitiesSelectorViewController.swift; sourceTree = "<group>"; };
		50168E802488A8F300F3F1A2 /* WeatherMinimalism.xcdatamodel */ = {isa = PBXFileReference; lastKnownFileType = wrapper.xcdatamodel; path = WeatherMinimalism.xcdatamodel; sourceTree = "<group>"; };
		5021854B24805AF500E64D30 /* UIViewExtension.swift */ = {isa = PBXFileReference; lastKnownFileType = sourcecode.swift; path = UIViewExtension.swift; sourceTree = "<group>"; };
		50225157249404F3001DC0A7 /* SelectCityCellView.swift */ = {isa = PBXFileReference; lastKnownFileType = sourcecode.swift; path = SelectCityCellView.swift; sourceTree = "<group>"; };
		5022515A2494107C001DC0A7 /* CitySelectorStackView.swift */ = {isa = PBXFileReference; lastKnownFileType = sourcecode.swift; path = CitySelectorStackView.swift; sourceTree = "<group>"; };
		5031954C2489B99B0070F663 /* City+CoreDataClass.swift */ = {isa = PBXFileReference; lastKnownFileType = sourcecode.swift; path = "City+CoreDataClass.swift"; sourceTree = "<group>"; };
		5031954D2489B99B0070F663 /* City+CoreDataProperties.swift */ = {isa = PBXFileReference; lastKnownFileType = sourcecode.swift; path = "City+CoreDataProperties.swift"; sourceTree = "<group>"; };
		5031954E2489B99B0070F663 /* CurrentWeather+CoreDataClass.swift */ = {isa = PBXFileReference; lastKnownFileType = sourcecode.swift; path = "CurrentWeather+CoreDataClass.swift"; sourceTree = "<group>"; };
		5031954F2489B99B0070F663 /* CurrentWeather+CoreDataProperties.swift */ = {isa = PBXFileReference; lastKnownFileType = sourcecode.swift; path = "CurrentWeather+CoreDataProperties.swift"; sourceTree = "<group>"; };
		503195542489C7C70070F663 /* NSManagedObjectContextExtension.swift */ = {isa = PBXFileReference; lastKnownFileType = sourcecode.swift; path = NSManagedObjectContextExtension.swift; sourceTree = "<group>"; };
		503944142466125A00B1BBD1 /* TodayHourlyWeatherCVCell.swift */ = {isa = PBXFileReference; lastKnownFileType = sourcecode.swift; path = TodayHourlyWeatherCVCell.swift; sourceTree = "<group>"; };
		505A96B324886BE100F38CC1 /* WeatherIconImageView.swift */ = {isa = PBXFileReference; lastKnownFileType = sourcecode.swift; path = WeatherIconImageView.swift; sourceTree = "<group>"; };
		5077007624872E8300CB1250 /* HeaderContainerView.swift */ = {isa = PBXFileReference; lastKnownFileType = sourcecode.swift; path = HeaderContainerView.swift; sourceTree = "<group>"; };
		507700782487333300CB1250 /* MinMaxContainerView.swift */ = {isa = PBXFileReference; lastKnownFileType = sourcecode.swift; path = MinMaxContainerView.swift; sourceTree = "<group>"; };
		5077007A2487358C00CB1250 /* TodayHourlyWeatherCVView.swift */ = {isa = PBXFileReference; lastKnownFileType = sourcecode.swift; path = TodayHourlyWeatherCVView.swift; sourceTree = "<group>"; };
		5080A7522440FC5000003BF1 /* WeatherMinimalism.app */ = {isa = PBXFileReference; explicitFileType = wrapper.application; includeInIndex = 0; path = WeatherMinimalism.app; sourceTree = BUILT_PRODUCTS_DIR; };
		5080A7552440FC5000003BF1 /* AppDelegate.swift */ = {isa = PBXFileReference; lastKnownFileType = sourcecode.swift; path = AppDelegate.swift; sourceTree = "<group>"; };
		5080A7572440FC5000003BF1 /* SceneDelegate.swift */ = {isa = PBXFileReference; lastKnownFileType = sourcecode.swift; path = SceneDelegate.swift; sourceTree = "<group>"; };
		5080A7592440FC5000003BF1 /* WeatherViewController.swift */ = {isa = PBXFileReference; lastKnownFileType = sourcecode.swift; path = WeatherViewController.swift; sourceTree = "<group>"; };
		5080A75E2440FC5000003BF1 /* Assets.xcassets */ = {isa = PBXFileReference; lastKnownFileType = folder.assetcatalog; path = Assets.xcassets; sourceTree = "<group>"; };
		5080A7612440FC5000003BF1 /* Base */ = {isa = PBXFileReference; lastKnownFileType = file.storyboard; name = Base; path = Base.lproj/LaunchScreen.storyboard; sourceTree = "<group>"; };
		5080A7632440FC5000003BF1 /* Info.plist */ = {isa = PBXFileReference; lastKnownFileType = text.plist.xml; path = Info.plist; sourceTree = "<group>"; };
		5080A769244100A500003BF1 /* WeatherViewModel.swift */ = {isa = PBXFileReference; lastKnownFileType = sourcecode.swift; path = WeatherViewModel.swift; sourceTree = "<group>"; };
		5080A76B244101D300003BF1 /* Forecast.swift */ = {isa = PBXFileReference; lastKnownFileType = sourcecode.swift; path = Forecast.swift; sourceTree = "<group>"; };
		50830CDA24787D3100E5CE1B /* DailyForecastForWeekView.swift */ = {isa = PBXFileReference; lastKnownFileType = sourcecode.swift; path = DailyForecastForWeekView.swift; sourceTree = "<group>"; };
		509D922E2487FFDC00B059BC /* DailyForecastForWeekSVView.swift */ = {isa = PBXFileReference; lastKnownFileType = sourcecode.swift; path = DailyForecastForWeekSVView.swift; sourceTree = "<group>"; };
		509D9230248810E900B059BC /* CurrentDayOverviewView.swift */ = {isa = PBXFileReference; lastKnownFileType = sourcecode.swift; path = CurrentDayOverviewView.swift; sourceTree = "<group>"; };
		509D92322488247A00B059BC /* TodayDetailedOverviewContentView.swift */ = {isa = PBXFileReference; lastKnownFileType = sourcecode.swift; path = TodayDetailedOverviewContentView.swift; sourceTree = "<group>"; };
		509D9234248825FF00B059BC /* TodayDetailedOverviewView.swift */ = {isa = PBXFileReference; lastKnownFileType = sourcecode.swift; path = TodayDetailedOverviewView.swift; sourceTree = "<group>"; };
		509D923624882C7F00B059BC /* TodayDetailedOverviewHorizontalSVView.swift */ = {isa = PBXFileReference; lastKnownFileType = sourcecode.swift; path = TodayDetailedOverviewHorizontalSVView.swift; sourceTree = "<group>"; };
		509E59BD244A3614000791C3 /* FloatExtension.swift */ = {isa = PBXFileReference; lastKnownFileType = sourcecode.swift; path = FloatExtension.swift; sourceTree = "<group>"; };
		509E59BF244A3699000791C3 /* WeatherIconImageViewExtension.swift */ = {isa = PBXFileReference; lastKnownFileType = sourcecode.swift; path = WeatherIconImageViewExtension.swift; sourceTree = "<group>"; };
		509E59C6244A633A000791C3 /* CollectionExtension.swift */ = {isa = PBXFileReference; lastKnownFileType = sourcecode.swift; path = CollectionExtension.swift; sourceTree = "<group>"; };
		509E59C8244A66C2000791C3 /* SpinnerView.swift */ = {isa = PBXFileReference; lastKnownFileType = sourcecode.swift; path = SpinnerView.swift; sourceTree = "<group>"; };
		50B8F5E5246F259400EA0BFD /* DoubleExtension.swift */ = {isa = PBXFileReference; lastKnownFileType = sourcecode.swift; path = DoubleExtension.swift; sourceTree = "<group>"; };
		50D2AF5A2465D873007638AF /* DateExtension.swift */ = {isa = PBXFileReference; lastKnownFileType = sourcecode.swift; path = DateExtension.swift; sourceTree = "<group>"; };
/* End PBXFileReference section */

/* Begin PBXFrameworksBuildPhase section */
		5080A74F2440FC5000003BF1 /* Frameworks */ = {
			isa = PBXFrameworksBuildPhase;
			buildActionMask = 2147483647;
			files = (
			);
			runOnlyForDeploymentPostprocessing = 0;
		};
/* End PBXFrameworksBuildPhase section */

/* Begin PBXGroup section */
		5022515924940D54001DC0A7 /* SelectCityCellView */ = {
			isa = PBXGroup;
			children = (
				50225157249404F3001DC0A7 /* SelectCityCellView.swift */,
			);
			path = SelectCityCellView;
			sourceTree = "<group>";
		};
		5022515C2494113B001DC0A7 /* CitySelectorStackView */ = {
			isa = PBXGroup;
			children = (
				5022515A2494107C001DC0A7 /* CitySelectorStackView.swift */,
			);
			path = CitySelectorStackView;
			sourceTree = "<group>";
		};
		503944162466126000B1BBD1 /* Views */ = {
			isa = PBXGroup;
			children = (
				505A96B2248868CC00F38CC1 /* HeaderContainer */,
				505A96B1248868C200F38CC1 /* MinMaxContainer */,
				505A96AE2488686C00F38CC1 /* TodayHourlyWeather */,
				505A96AF2488688900F38CC1 /* DailyForecastForWeek */,
				505A96B0248868AF00F38CC1 /* CurrentDayOverview */,
				505A96AD2488685400F38CC1 /* TodayDetailedOverview */,
				5060F86B24887332005F0725 /* WeatherIconImageView */,
				507A7615248B01BE0094A2E9 /* SpinnerView */,
				5022515C2494113B001DC0A7 /* CitySelectorStackView */,
				5022515924940D54001DC0A7 /* SelectCityCellView */,
			);
			path = Views;
			sourceTree = "<group>";
		};
		505A96AD2488685400F38CC1 /* TodayDetailedOverview */ = {
			isa = PBXGroup;
			children = (
				509D9234248825FF00B059BC /* TodayDetailedOverviewView.swift */,
				509D923624882C7F00B059BC /* TodayDetailedOverviewHorizontalSVView.swift */,
				509D92322488247A00B059BC /* TodayDetailedOverviewContentView.swift */,
			);
			path = TodayDetailedOverview;
			sourceTree = "<group>";
		};
		505A96AE2488686C00F38CC1 /* TodayHourlyWeather */ = {
			isa = PBXGroup;
			children = (
				5077007A2487358C00CB1250 /* TodayHourlyWeatherCVView.swift */,
				503944142466125A00B1BBD1 /* TodayHourlyWeatherCVCell.swift */,
			);
			path = TodayHourlyWeather;
			sourceTree = "<group>";
		};
		505A96AF2488688900F38CC1 /* DailyForecastForWeek */ = {
			isa = PBXGroup;
			children = (
				509D922E2487FFDC00B059BC /* DailyForecastForWeekSVView.swift */,
				50830CDA24787D3100E5CE1B /* DailyForecastForWeekView.swift */,
			);
			path = DailyForecastForWeek;
			sourceTree = "<group>";
		};
		505A96B0248868AF00F38CC1 /* CurrentDayOverview */ = {
			isa = PBXGroup;
			children = (
				509D9230248810E900B059BC /* CurrentDayOverviewView.swift */,
			);
			path = CurrentDayOverview;
			sourceTree = "<group>";
		};
		505A96B1248868C200F38CC1 /* MinMaxContainer */ = {
			isa = PBXGroup;
			children = (
				507700782487333300CB1250 /* MinMaxContainerView.swift */,
			);
			path = MinMaxContainer;
			sourceTree = "<group>";
		};
		505A96B2248868CC00F38CC1 /* HeaderContainer */ = {
			isa = PBXGroup;
			children = (
				5077007624872E8300CB1250 /* HeaderContainerView.swift */,
			);
			path = HeaderContainer;
			sourceTree = "<group>";
		};
		5060F86B24887332005F0725 /* WeatherIconImageView */ = {
			isa = PBXGroup;
			children = (
				505A96B324886BE100F38CC1 /* WeatherIconImageView.swift */,
			);
			path = WeatherIconImageView;
			sourceTree = "<group>";
		};
		507A7615248B01BE0094A2E9 /* SpinnerView */ = {
			isa = PBXGroup;
			children = (
				509E59C8244A66C2000791C3 /* SpinnerView.swift */,
			);
			path = SpinnerView;
			sourceTree = "<group>";
		};
		5080A7492440FC5000003BF1 = {
			isa = PBXGroup;
			children = (
				5080A7542440FC5000003BF1 /* WeatherMinimalism */,
				5080A7532440FC5000003BF1 /* Products */,
			);
			sourceTree = "<group>";
		};
		5080A7532440FC5000003BF1 /* Products */ = {
			isa = PBXGroup;
			children = (
				5080A7522440FC5000003BF1 /* WeatherMinimalism.app */,
			);
			name = Products;
			sourceTree = "<group>";
		};
		5080A7542440FC5000003BF1 /* WeatherMinimalism */ = {
			isa = PBXGroup;
			children = (
				503944162466126000B1BBD1 /* Views */,
				509E59C4244A3980000791C3 /* ViewControllers */,
				509E59C3244A3978000791C3 /* ViewModels */,
				509E59C2244A3972000791C3 /* Models */,
				509E59C1244A396C000791C3 /* Extensions */,
				509E59C5244A3991000791C3 /* Support */,
			);
			path = WeatherMinimalism;
			sourceTree = "<group>";
		};
		509E59C1244A396C000791C3 /* Extensions */ = {
			isa = PBXGroup;
			children = (
				509E59C6244A633A000791C3 /* CollectionExtension.swift */,
				50D2AF5A2465D873007638AF /* DateExtension.swift */,
				50B8F5E5246F259400EA0BFD /* DoubleExtension.swift */,
				509E59BD244A3614000791C3 /* FloatExtension.swift */,
				503195542489C7C70070F663 /* NSManagedObjectContextExtension.swift */,
				5021854B24805AF500E64D30 /* UIViewExtension.swift */,
				509E59BF244A3699000791C3 /* WeatherIconImageViewExtension.swift */,
			);
			path = Extensions;
			sourceTree = "<group>";
		};
		509E59C2244A3972000791C3 /* Models */ = {
			isa = PBXGroup;
			children = (
				50F7B8092489ACEF00352D01 /* ExternalStorage */,
				50F7B80A2489AD0C00352D01 /* LocalStorage */,
			);
			path = Models;
			sourceTree = "<group>";
		};
		509E59C3244A3978000791C3 /* ViewModels */ = {
			isa = PBXGroup;
			children = (
				5080A769244100A500003BF1 /* WeatherViewModel.swift */,
			);
			path = ViewModels;
			sourceTree = "<group>";
		};
		509E59C4244A3980000791C3 /* ViewControllers */ = {
			isa = PBXGroup;
			children = (
				5080A7592440FC5000003BF1 /* WeatherViewController.swift */,
				5014412B249195CE003ED091 /* CitiesSelectorViewController.swift */,
			);
			path = ViewControllers;
			sourceTree = "<group>";
		};
		509E59C5244A3991000791C3 /* Support */ = {
			isa = PBXGroup;
			children = (
				5080A7552440FC5000003BF1 /* AppDelegate.swift */,
				5080A7572440FC5000003BF1 /* SceneDelegate.swift */,
				5080A75E2440FC5000003BF1 /* Assets.xcassets */,
				5080A7602440FC5000003BF1 /* LaunchScreen.storyboard */,
				50039038246F090A00B13C5E /* city.list.json */,
				5080A7632440FC5000003BF1 /* Info.plist */,
			);
			path = Support;
			sourceTree = "<group>";
		};
		50F7B8092489ACEF00352D01 /* ExternalStorage */ = {
			isa = PBXGroup;
			children = (
				5080A76B244101D300003BF1 /* Forecast.swift */,
				5006E99B246A2F1C00480341 /* WeatherForTimeSlice.swift */,
				50039036246F033E00B13C5E /* WeatherForDaily.swift */,
				5006E99D246A303200480341 /* WeatherDetails.swift */,
				50039034246DF0AD00B13C5E /* DailyTemperature.swift */,
				5003903A246F09F800B13C5E /* Location.swift */,
			);
			path = ExternalStorage;
			sourceTree = "<group>";
		};
		50F7B80A2489AD0C00352D01 /* LocalStorage */ = {
			isa = PBXGroup;
			children = (
				5031954C2489B99B0070F663 /* City+CoreDataClass.swift */,
				5031954D2489B99B0070F663 /* City+CoreDataProperties.swift */,
				5031954E2489B99B0070F663 /* CurrentWeather+CoreDataClass.swift */,
				5031954F2489B99B0070F663 /* CurrentWeather+CoreDataProperties.swift */,
				50168E7F2488A8F300F3F1A2 /* WeatherMinimalism.xcdatamodeld */,
			);
			path = LocalStorage;
			sourceTree = "<group>";
		};
/* End PBXGroup section */

/* Begin PBXNativeTarget section */
		5080A7512440FC5000003BF1 /* WeatherMinimalism */ = {
			isa = PBXNativeTarget;
			buildConfigurationList = 5080A7662440FC5000003BF1 /* Build configuration list for PBXNativeTarget "WeatherMinimalism" */;
			buildPhases = (
				5080A74E2440FC5000003BF1 /* Sources */,
				5080A74F2440FC5000003BF1 /* Frameworks */,
				5080A7502440FC5000003BF1 /* Resources */,
			);
			buildRules = (
			);
			dependencies = (
			);
			name = WeatherMinimalism;
			productName = WeatherMinimalism;
			productReference = 5080A7522440FC5000003BF1 /* WeatherMinimalism.app */;
			productType = "com.apple.product-type.application";
		};
/* End PBXNativeTarget section */

/* Begin PBXProject section */
		5080A74A2440FC5000003BF1 /* Project object */ = {
			isa = PBXProject;
			attributes = {
				LastSwiftUpdateCheck = 1140;
				LastUpgradeCheck = 1140;
				ORGANIZATIONNAME = "Maxim Zheleznyy";
				TargetAttributes = {
					5080A7512440FC5000003BF1 = {
						CreatedOnToolsVersion = 11.4;
					};
				};
			};
			buildConfigurationList = 5080A74D2440FC5000003BF1 /* Build configuration list for PBXProject "WeatherMinimalism" */;
			compatibilityVersion = "Xcode 9.3";
			developmentRegion = en;
			hasScannedForEncodings = 0;
			knownRegions = (
				en,
				Base,
			);
			mainGroup = 5080A7492440FC5000003BF1;
			productRefGroup = 5080A7532440FC5000003BF1 /* Products */;
			projectDirPath = "";
			projectRoot = "";
			targets = (
				5080A7512440FC5000003BF1 /* WeatherMinimalism */,
			);
		};
/* End PBXProject section */

/* Begin PBXResourcesBuildPhase section */
		5080A7502440FC5000003BF1 /* Resources */ = {
			isa = PBXResourcesBuildPhase;
			buildActionMask = 2147483647;
			files = (
				5080A7622440FC5000003BF1 /* LaunchScreen.storyboard in Resources */,
				5080A75F2440FC5000003BF1 /* Assets.xcassets in Resources */,
				50039039246F090A00B13C5E /* city.list.json in Resources */,
			);
			runOnlyForDeploymentPostprocessing = 0;
		};
/* End PBXResourcesBuildPhase section */

/* Begin PBXSourcesBuildPhase section */
		5080A74E2440FC5000003BF1 /* Sources */ = {
			isa = PBXSourcesBuildPhase;
			buildActionMask = 2147483647;
			files = (
				5022515B2494107C001DC0A7 /* CitySelectorStackView.swift in Sources */,
				50039035246DF0AD00B13C5E /* DailyTemperature.swift in Sources */,
				503195552489C7C70070F663 /* NSManagedObjectContextExtension.swift in Sources */,
				50B8F5E6246F259400EA0BFD /* DoubleExtension.swift in Sources */,
				5080A76A244100A500003BF1 /* WeatherViewModel.swift in Sources */,
				5003903B246F09F800B13C5E /* Location.swift in Sources */,
				503195522489B99B0070F663 /* CurrentWeather+CoreDataClass.swift in Sources */,
				505A96B424886BE100F38CC1 /* WeatherIconImageView.swift in Sources */,
				50168E812488A8F300F3F1A2 /* WeatherMinimalism.xcdatamodeld in Sources */,
				50D2AF5B2465D873007638AF /* DateExtension.swift in Sources */,
				509E59C0244A3699000791C3 /* WeatherIconImageViewExtension.swift in Sources */,
				5080A76C244101D300003BF1 /* Forecast.swift in Sources */,
				509E59BE244A3614000791C3 /* FloatExtension.swift in Sources */,
				503195512489B99B0070F663 /* City+CoreDataProperties.swift in Sources */,
				5080A75A2440FC5000003BF1 /* WeatherViewController.swift in Sources */,
				509D923724882C7F00B059BC /* TodayDetailedOverviewHorizontalSVView.swift in Sources */,
				509E59C7244A633A000791C3 /* CollectionExtension.swift in Sources */,
				509D9231248810E900B059BC /* CurrentDayOverviewView.swift in Sources */,
				509D9235248825FF00B059BC /* TodayDetailedOverviewView.swift in Sources */,
				5080A7562440FC5000003BF1 /* AppDelegate.swift in Sources */,
				509D92332488247A00B059BC /* TodayDetailedOverviewContentView.swift in Sources */,
				503195532489B99B0070F663 /* CurrentWeather+CoreDataProperties.swift in Sources */,
				50039037246F033E00B13C5E /* WeatherForDaily.swift in Sources */,
				509D922F2487FFDC00B059BC /* DailyForecastForWeekSVView.swift in Sources */,
				5006E99E246A303200480341 /* WeatherDetails.swift in Sources */,
				5021854C24805AF500E64D30 /* UIViewExtension.swift in Sources */,
				509E59C9244A66C2000791C3 /* SpinnerView.swift in Sources */,
				5077007724872E8300CB1250 /* HeaderContainerView.swift in Sources */,
				5014412C249195CE003ED091 /* CitiesSelectorViewController.swift in Sources */,
				503944152466125A00B1BBD1 /* TodayHourlyWeatherCVCell.swift in Sources */,
				503195502489B99B0070F663 /* City+CoreDataClass.swift in Sources */,
				5077007B2487358D00CB1250 /* TodayHourlyWeatherCVView.swift in Sources */,
				5006E99C246A2F1C00480341 /* WeatherForTimeSlice.swift in Sources */,
				5080A7582440FC5000003BF1 /* SceneDelegate.swift in Sources */,
				507700792487333300CB1250 /* MinMaxContainerView.swift in Sources */,
				50830CDB24787D3100E5CE1B /* DailyForecastForWeekView.swift in Sources */,
				50225158249404F3001DC0A7 /* SelectCityCellView.swift in Sources */,
			);
			runOnlyForDeploymentPostprocessing = 0;
		};
/* End PBXSourcesBuildPhase section */

/* Begin PBXVariantGroup section */
		5080A7602440FC5000003BF1 /* LaunchScreen.storyboard */ = {
			isa = PBXVariantGroup;
			children = (
				5080A7612440FC5000003BF1 /* Base */,
			);
			name = LaunchScreen.storyboard;
			sourceTree = "<group>";
		};
/* End PBXVariantGroup section */

/* Begin XCBuildConfiguration section */
		5080A7642440FC5000003BF1 /* Debug */ = {
			isa = XCBuildConfiguration;
			buildSettings = {
				ALWAYS_SEARCH_USER_PATHS = NO;
				CLANG_ANALYZER_NONNULL = YES;
				CLANG_ANALYZER_NUMBER_OBJECT_CONVERSION = YES_AGGRESSIVE;
				CLANG_CXX_LANGUAGE_STANDARD = "gnu++14";
				CLANG_CXX_LIBRARY = "libc++";
				CLANG_ENABLE_MODULES = YES;
				CLANG_ENABLE_OBJC_ARC = YES;
				CLANG_ENABLE_OBJC_WEAK = YES;
				CLANG_WARN_BLOCK_CAPTURE_AUTORELEASING = YES;
				CLANG_WARN_BOOL_CONVERSION = YES;
				CLANG_WARN_COMMA = YES;
				CLANG_WARN_CONSTANT_CONVERSION = YES;
				CLANG_WARN_DEPRECATED_OBJC_IMPLEMENTATIONS = YES;
				CLANG_WARN_DIRECT_OBJC_ISA_USAGE = YES_ERROR;
				CLANG_WARN_DOCUMENTATION_COMMENTS = YES;
				CLANG_WARN_EMPTY_BODY = YES;
				CLANG_WARN_ENUM_CONVERSION = YES;
				CLANG_WARN_INFINITE_RECURSION = YES;
				CLANG_WARN_INT_CONVERSION = YES;
				CLANG_WARN_NON_LITERAL_NULL_CONVERSION = YES;
				CLANG_WARN_OBJC_IMPLICIT_RETAIN_SELF = YES;
				CLANG_WARN_OBJC_LITERAL_CONVERSION = YES;
				CLANG_WARN_OBJC_ROOT_CLASS = YES_ERROR;
				CLANG_WARN_RANGE_LOOP_ANALYSIS = YES;
				CLANG_WARN_STRICT_PROTOTYPES = YES;
				CLANG_WARN_SUSPICIOUS_MOVE = YES;
				CLANG_WARN_UNGUARDED_AVAILABILITY = YES_AGGRESSIVE;
				CLANG_WARN_UNREACHABLE_CODE = YES;
				CLANG_WARN__DUPLICATE_METHOD_MATCH = YES;
				COPY_PHASE_STRIP = NO;
				DEBUG_INFORMATION_FORMAT = dwarf;
				ENABLE_STRICT_OBJC_MSGSEND = YES;
				ENABLE_TESTABILITY = YES;
				GCC_C_LANGUAGE_STANDARD = gnu11;
				GCC_DYNAMIC_NO_PIC = NO;
				GCC_NO_COMMON_BLOCKS = YES;
				GCC_OPTIMIZATION_LEVEL = 0;
				GCC_PREPROCESSOR_DEFINITIONS = (
					"DEBUG=1",
					"$(inherited)",
				);
				GCC_WARN_64_TO_32_BIT_CONVERSION = YES;
				GCC_WARN_ABOUT_RETURN_TYPE = YES_ERROR;
				GCC_WARN_UNDECLARED_SELECTOR = YES;
				GCC_WARN_UNINITIALIZED_AUTOS = YES_AGGRESSIVE;
				GCC_WARN_UNUSED_FUNCTION = YES;
				GCC_WARN_UNUSED_VARIABLE = YES;
				IPHONEOS_DEPLOYMENT_TARGET = 13.4;
				MTL_ENABLE_DEBUG_INFO = INCLUDE_SOURCE;
				MTL_FAST_MATH = YES;
				ONLY_ACTIVE_ARCH = YES;
				SDKROOT = iphoneos;
				SWIFT_ACTIVE_COMPILATION_CONDITIONS = DEBUG;
				SWIFT_OPTIMIZATION_LEVEL = "-Onone";
			};
			name = Debug;
		};
		5080A7652440FC5000003BF1 /* Release */ = {
			isa = XCBuildConfiguration;
			buildSettings = {
				ALWAYS_SEARCH_USER_PATHS = NO;
				CLANG_ANALYZER_NONNULL = YES;
				CLANG_ANALYZER_NUMBER_OBJECT_CONVERSION = YES_AGGRESSIVE;
				CLANG_CXX_LANGUAGE_STANDARD = "gnu++14";
				CLANG_CXX_LIBRARY = "libc++";
				CLANG_ENABLE_MODULES = YES;
				CLANG_ENABLE_OBJC_ARC = YES;
				CLANG_ENABLE_OBJC_WEAK = YES;
				CLANG_WARN_BLOCK_CAPTURE_AUTORELEASING = YES;
				CLANG_WARN_BOOL_CONVERSION = YES;
				CLANG_WARN_COMMA = YES;
				CLANG_WARN_CONSTANT_CONVERSION = YES;
				CLANG_WARN_DEPRECATED_OBJC_IMPLEMENTATIONS = YES;
				CLANG_WARN_DIRECT_OBJC_ISA_USAGE = YES_ERROR;
				CLANG_WARN_DOCUMENTATION_COMMENTS = YES;
				CLANG_WARN_EMPTY_BODY = YES;
				CLANG_WARN_ENUM_CONVERSION = YES;
				CLANG_WARN_INFINITE_RECURSION = YES;
				CLANG_WARN_INT_CONVERSION = YES;
				CLANG_WARN_NON_LITERAL_NULL_CONVERSION = YES;
				CLANG_WARN_OBJC_IMPLICIT_RETAIN_SELF = YES;
				CLANG_WARN_OBJC_LITERAL_CONVERSION = YES;
				CLANG_WARN_OBJC_ROOT_CLASS = YES_ERROR;
				CLANG_WARN_RANGE_LOOP_ANALYSIS = YES;
				CLANG_WARN_STRICT_PROTOTYPES = YES;
				CLANG_WARN_SUSPICIOUS_MOVE = YES;
				CLANG_WARN_UNGUARDED_AVAILABILITY = YES_AGGRESSIVE;
				CLANG_WARN_UNREACHABLE_CODE = YES;
				CLANG_WARN__DUPLICATE_METHOD_MATCH = YES;
				COPY_PHASE_STRIP = NO;
				DEBUG_INFORMATION_FORMAT = "dwarf-with-dsym";
				ENABLE_NS_ASSERTIONS = NO;
				ENABLE_STRICT_OBJC_MSGSEND = YES;
				GCC_C_LANGUAGE_STANDARD = gnu11;
				GCC_NO_COMMON_BLOCKS = YES;
				GCC_WARN_64_TO_32_BIT_CONVERSION = YES;
				GCC_WARN_ABOUT_RETURN_TYPE = YES_ERROR;
				GCC_WARN_UNDECLARED_SELECTOR = YES;
				GCC_WARN_UNINITIALIZED_AUTOS = YES_AGGRESSIVE;
				GCC_WARN_UNUSED_FUNCTION = YES;
				GCC_WARN_UNUSED_VARIABLE = YES;
				IPHONEOS_DEPLOYMENT_TARGET = 13.4;
				MTL_ENABLE_DEBUG_INFO = NO;
				MTL_FAST_MATH = YES;
				SDKROOT = iphoneos;
				SWIFT_COMPILATION_MODE = wholemodule;
				SWIFT_OPTIMIZATION_LEVEL = "-O";
				VALIDATE_PRODUCT = YES;
			};
			name = Release;
		};
		5080A7672440FC5000003BF1 /* Debug */ = {
			isa = XCBuildConfiguration;
			buildSettings = {
				ASSETCATALOG_COMPILER_APPICON_NAME = AppIcon;
				CODE_SIGN_STYLE = Automatic;
				DEVELOPMENT_TEAM = M5GNN3BNG3;
				INFOPLIST_FILE = WeatherMinimalism/Support/Info.plist;
				LD_RUNPATH_SEARCH_PATHS = (
					"$(inherited)",
					"@executable_path/Frameworks",
				);
				PRODUCT_BUNDLE_IDENTIFIER = com.maxzheleznyy.WeatherMinimalism;
				PRODUCT_NAME = "$(TARGET_NAME)";
				SWIFT_VERSION = 5.0;
				TARGETED_DEVICE_FAMILY = "1,2";
			};
			name = Debug;
		};
		5080A7682440FC5000003BF1 /* Release */ = {
			isa = XCBuildConfiguration;
			buildSettings = {
				ASSETCATALOG_COMPILER_APPICON_NAME = AppIcon;
				CODE_SIGN_STYLE = Automatic;
				DEVELOPMENT_TEAM = M5GNN3BNG3;
				INFOPLIST_FILE = WeatherMinimalism/Support/Info.plist;
				LD_RUNPATH_SEARCH_PATHS = (
					"$(inherited)",
					"@executable_path/Frameworks",
				);
				PRODUCT_BUNDLE_IDENTIFIER = com.maxzheleznyy.WeatherMinimalism;
				PRODUCT_NAME = "$(TARGET_NAME)";
				SWIFT_VERSION = 5.0;
				TARGETED_DEVICE_FAMILY = "1,2";
			};
			name = Release;
		};
/* End XCBuildConfiguration section */

/* Begin XCConfigurationList section */
		5080A74D2440FC5000003BF1 /* Build configuration list for PBXProject "WeatherMinimalism" */ = {
			isa = XCConfigurationList;
			buildConfigurations = (
				5080A7642440FC5000003BF1 /* Debug */,
				5080A7652440FC5000003BF1 /* Release */,
			);
			defaultConfigurationIsVisible = 0;
			defaultConfigurationName = Release;
		};
		5080A7662440FC5000003BF1 /* Build configuration list for PBXNativeTarget "WeatherMinimalism" */ = {
			isa = XCConfigurationList;
			buildConfigurations = (
				5080A7672440FC5000003BF1 /* Debug */,
				5080A7682440FC5000003BF1 /* Release */,
			);
			defaultConfigurationIsVisible = 0;
			defaultConfigurationName = Release;
		};
/* End XCConfigurationList section */

/* Begin XCVersionGroup section */
		50168E7F2488A8F300F3F1A2 /* WeatherMinimalism.xcdatamodeld */ = {
			isa = XCVersionGroup;
			children = (
				50168E802488A8F300F3F1A2 /* WeatherMinimalism.xcdatamodel */,
			);
			currentVersion = 50168E802488A8F300F3F1A2 /* WeatherMinimalism.xcdatamodel */;
			path = WeatherMinimalism.xcdatamodeld;
			sourceTree = "<group>";
			versionGroupType = wrapper.xcdatamodel;
		};
/* End XCVersionGroup section */
	};
	rootObject = 5080A74A2440FC5000003BF1 /* Project object */;
}
